{
  "requires": true,
  "lockfileVersion": 1,
  "dependencies": {
    "vuetify": {
      "version": "2.0.17",
      "resolved": "https://registry.npmjs.org/vuetify/-/vuetify-2.0.17.tgz",
      "integrity": "sha512-pBtwwF2SnZDfr2MPj5kA5VFUL9tjFVK4ca1+dUfw1LZS8AtJfOl70agpSMqcItehzESddIPsDu5sp/JOFCOygA=="
    },
    "webpack-node-externals": {
      "version": "1.7.2",
      "resolved": "https://registry.npmjs.org/webpack-node-externals/-/webpack-node-externals-1.7.2.tgz",
      "integrity": "sha512-ajerHZ+BJKeCLviLUUmnyd5B4RavLF76uv3cs6KNuO8W+HuQaEs0y0L7o40NQxdPy5w0pcv8Ew7yPUAQG0UdCg==",
      "dev": true
    }
  }
}
